
Microsoft Visual Studio Solution File, Format Version 12.00
# Visual Studio 15
VisualStudioVersion = 15.0.28307.902
MinimumVisualStudioVersion = 10.0.40219.1
Project("{FAE04EC0-301F-11D3-BF4B-00C04F79EFBC}") = "ProjeCv", "ProjeCv\ProjeCv.csproj", "{BEBBB3E1-AFFE-4E23-B806-7FB0B9E0D2D7}"
EndProject
Global
	GlobalSection(SolutionConfigurationPlatforms) = preSolution
		Debug|Any CPU = Debug|Any CPU
		Release|Any CPU = Release|Any CPU
	EndGlobalSection
	GlobalSection(ProjectConfigurationPlatforms) = postSolution
		{BEBBB3E1-AFFE-4E23-B806-7FB0B9E0D2D7}.Debug|Any CPU.ActiveCfg = Debug|Any CPU
		{BEBBB3E1-AFFE-4E23-B806-7FB0B9E0D2D7}.Debug|Any CPU.Build.0 = Debug|Any CPU
		{BEBBB3E1-AFFE-4E23-B806-7FB0B9E0D2D7}.Release|Any CPU.ActiveCfg = Release|Any CPU
		{BEBBB3E1-AFFE-4E23-B806-7FB0B9E0D2D7}.Release|Any CPU.Build.0 = Release|Any CPU
	EndGlobalSection
	GlobalSection(SolutionProperties) = preSolution
		HideSolutionNode = FALSE
	EndGlobalSection
	GlobalSection(ExtensibilityGlobals) = postSolution
		SolutionGuid = {4A4AAE24-96D2-48E5-BD6C-66EEE47D16A5}
	EndGlobalSection
EndGlobal
